// !$*UTF8*$!
{
	archiveVersion = 1;
	classes = {
	};
	objectVersion = 48;
	objects = {

/* Begin PBXBuildFile section */
		4C776BADED9955FC385191FA /* Pods_DIMockServerDemo.framework in Frameworks */ = {isa = PBXBuildFile; fileRef = 16FB6E0F17A4BF3F79511B60 /* Pods_DIMockServerDemo.framework */; };
		BB03B7051FDB1BD000D22AF8 /* Coin.swift in Sources */ = {isa = PBXBuildFile; fileRef = BB03B7041FDB1BD000D22AF8 /* Coin.swift */; };
		BB6F8F3A1FBE028A003B3AD1 /* AppDelegate.swift in Sources */ = {isa = PBXBuildFile; fileRef = BB6F8F391FBE028A003B3AD1 /* AppDelegate.swift */; };
		BB6F8F3C1FBE028A003B3AD1 /* CoinsViewController.swift in Sources */ = {isa = PBXBuildFile; fileRef = BB6F8F3B1FBE028A003B3AD1 /* CoinsViewController.swift */; };
		BB6F8F3E1FBE028A003B3AD1 /* SettingsViewController.swift in Sources */ = {isa = PBXBuildFile; fileRef = BB6F8F3D1FBE028A003B3AD1 /* SettingsViewController.swift */; };
		BB6F8F411FBE028A003B3AD1 /* Main.storyboard in Resources */ = {isa = PBXBuildFile; fileRef = BB6F8F3F1FBE028A003B3AD1 /* Main.storyboard */; };
		BB6F8F431FBE028A003B3AD1 /* Assets.xcassets in Resources */ = {isa = PBXBuildFile; fileRef = BB6F8F421FBE028A003B3AD1 /* Assets.xcassets */; };
		BB6F8F461FBE028A003B3AD1 /* LaunchScreen.storyboard in Resources */ = {isa = PBXBuildFile; fileRef = BB6F8F441FBE028A003B3AD1 /* LaunchScreen.storyboard */; };
		BB6F8F511FBE028A003B3AD1 /* DIMockServerDemoTests.swift in Sources */ = {isa = PBXBuildFile; fileRef = BB6F8F501FBE028A003B3AD1 /* DIMockServerDemoTests.swift */; };
		BB6F8F5C1FBE028A003B3AD1 /* DIMockServerDemoUITests.swift in Sources */ = {isa = PBXBuildFile; fileRef = BB6F8F5B1FBE028A003B3AD1 /* DIMockServerDemoUITests.swift */; };
		BB872F5E1FDB46E60024C897 /* Constants.swift in Sources */ = {isa = PBXBuildFile; fileRef = BB872F5D1FDB46E50024C897 /* Constants.swift */; };
		BB872F601FDB47E60024C897 /* PickerCell.swift in Sources */ = {isa = PBXBuildFile; fileRef = BB872F5F1FDB47E60024C897 /* PickerCell.swift */; };
		BB9736731FDEB00500354CD4 /* DefaultTickerResponse.json in Resources */ = {isa = PBXBuildFile; fileRef = BB9736721FDEB00500354CD4 /* DefaultTickerResponse.json */; };
		BB9736771FDEB2F100354CD4 /* Tickers.mustache in Resources */ = {isa = PBXBuildFile; fileRef = BB9736761FDEB2F100354CD4 /* Tickers.mustache */; };
		BB99F2671FDB235500F9982C /* CoinCell.swift in Sources */ = {isa = PBXBuildFile; fileRef = BB99F2661FDB235500F9982C /* CoinCell.swift */; };
		BB99F26B1FDB2C5500F9982C /* RestAPIManager.swift in Sources */ = {isa = PBXBuildFile; fileRef = BB99F26A1FDB2C5500F9982C /* RestAPIManager.swift */; };
		BBE42D511FBEC09F009E0BA9 /* DemoMockCase.swift in Sources */ = {isa = PBXBuildFile; fileRef = BBE42D501FBEC09F009E0BA9 /* DemoMockCase.swift */; };
		BBE42D531FBEC24B009E0BA9 /* DynamicPriceDifferenceMockCase.swift in Sources */ = {isa = PBXBuildFile; fileRef = BBE42D521FBEC24B009E0BA9 /* DynamicPriceDifferenceMockCase.swift */; };
/* End PBXBuildFile section */

/* Begin PBXContainerItemProxy section */
		BB6F8F4D1FBE028A003B3AD1 /* PBXContainerItemProxy */ = {
			isa = PBXContainerItemProxy;
			containerPortal = BB6F8F2E1FBE0289003B3AD1 /* Project object */;
			proxyType = 1;
			remoteGlobalIDString = BB6F8F351FBE0289003B3AD1;
			remoteInfo = DIMockServerDemo;
		};
		BB6F8F581FBE028A003B3AD1 /* PBXContainerItemProxy */ = {
			isa = PBXContainerItemProxy;
			containerPortal = BB6F8F2E1FBE0289003B3AD1 /* Project object */;
			proxyType = 1;
			remoteGlobalIDString = BB6F8F351FBE0289003B3AD1;
			remoteInfo = DIMockServerDemo;
		};
/* End PBXContainerItemProxy section */

/* Begin PBXFileReference section */
		16FB6E0F17A4BF3F79511B60 /* Pods_DIMockServerDemo.framework */ = {isa = PBXFileReference; explicitFileType = wrapper.framework; includeInIndex = 0; path = Pods_DIMockServerDemo.framework; sourceTree = BUILT_PRODUCTS_DIR; };
		219E3D54F63B58F1E104D817 /* Pods-DIMockServerDemo.debug.xcconfig */ = {isa = PBXFileReference; includeInIndex = 1; lastKnownFileType = text.xcconfig; name = "Pods-DIMockServerDemo.debug.xcconfig"; path = "Pods/Target Support Files/Pods-DIMockServerDemo/Pods-DIMockServerDemo.debug.xcconfig"; sourceTree = "<group>"; };
		BB03B7041FDB1BD000D22AF8 /* Coin.swift */ = {isa = PBXFileReference; lastKnownFileType = sourcecode.swift; path = Coin.swift; sourceTree = "<group>"; };
		BB6F8F361FBE0289003B3AD1 /* DIMockServerDemo.app */ = {isa = PBXFileReference; explicitFileType = wrapper.application; includeInIndex = 0; path = DIMockServerDemo.app; sourceTree = BUILT_PRODUCTS_DIR; };
		BB6F8F391FBE028A003B3AD1 /* AppDelegate.swift */ = {isa = PBXFileReference; lastKnownFileType = sourcecode.swift; path = AppDelegate.swift; sourceTree = "<group>"; };
		BB6F8F3B1FBE028A003B3AD1 /* CoinsViewController.swift */ = {isa = PBXFileReference; lastKnownFileType = sourcecode.swift; path = CoinsViewController.swift; sourceTree = "<group>"; };
		BB6F8F3D1FBE028A003B3AD1 /* SettingsViewController.swift */ = {isa = PBXFileReference; lastKnownFileType = sourcecode.swift; path = SettingsViewController.swift; sourceTree = "<group>"; };
		BB6F8F401FBE028A003B3AD1 /* Base */ = {isa = PBXFileReference; lastKnownFileType = file.storyboard; name = Base; path = Base.lproj/Main.storyboard; sourceTree = "<group>"; };
		BB6F8F421FBE028A003B3AD1 /* Assets.xcassets */ = {isa = PBXFileReference; lastKnownFileType = folder.assetcatalog; path = Assets.xcassets; sourceTree = "<group>"; };
		BB6F8F451FBE028A003B3AD1 /* Base */ = {isa = PBXFileReference; lastKnownFileType = file.storyboard; name = Base; path = Base.lproj/LaunchScreen.storyboard; sourceTree = "<group>"; };
		BB6F8F471FBE028A003B3AD1 /* Info.plist */ = {isa = PBXFileReference; lastKnownFileType = text.plist.xml; path = Info.plist; sourceTree = "<group>"; };
		BB6F8F4C1FBE028A003B3AD1 /* DIMockServerDemoTests.xctest */ = {isa = PBXFileReference; explicitFileType = wrapper.cfbundle; includeInIndex = 0; path = DIMockServerDemoTests.xctest; sourceTree = BUILT_PRODUCTS_DIR; };
		BB6F8F501FBE028A003B3AD1 /* DIMockServerDemoTests.swift */ = {isa = PBXFileReference; lastKnownFileType = sourcecode.swift; path = DIMockServerDemoTests.swift; sourceTree = "<group>"; };
		BB6F8F521FBE028A003B3AD1 /* Info.plist */ = {isa = PBXFileReference; lastKnownFileType = text.plist.xml; path = Info.plist; sourceTree = "<group>"; };
		BB6F8F571FBE028A003B3AD1 /* DIMockServerDemoUITests.xctest */ = {isa = PBXFileReference; explicitFileType = wrapper.cfbundle; includeInIndex = 0; path = DIMockServerDemoUITests.xctest; sourceTree = BUILT_PRODUCTS_DIR; };
		BB6F8F5B1FBE028A003B3AD1 /* DIMockServerDemoUITests.swift */ = {isa = PBXFileReference; lastKnownFileType = sourcecode.swift; path = DIMockServerDemoUITests.swift; sourceTree = "<group>"; };
		BB6F8F5D1FBE028A003B3AD1 /* Info.plist */ = {isa = PBXFileReference; lastKnownFileType = text.plist.xml; path = Info.plist; sourceTree = "<group>"; };
		BB872F5D1FDB46E50024C897 /* Constants.swift */ = {isa = PBXFileReference; lastKnownFileType = sourcecode.swift; path = Constants.swift; sourceTree = "<group>"; };
		BB872F5F1FDB47E60024C897 /* PickerCell.swift */ = {isa = PBXFileReference; fileEncoding = 4; lastKnownFileType = sourcecode.swift; name = PickerCell.swift; path = Cells/PickerCell.swift; sourceTree = "<group>"; };
		BB9736721FDEB00500354CD4 /* DefaultTickerResponse.json */ = {isa = PBXFileReference; lastKnownFileType = text.json; path = DefaultTickerResponse.json; sourceTree = "<group>"; };
		BB9736741FDEB04A00354CD4 /* DefaultGlobalResponse.json */ = {isa = PBXFileReference; lastKnownFileType = text.json; path = DefaultGlobalResponse.json; sourceTree = "<group>"; };
		BB9736761FDEB2F100354CD4 /* Tickers.mustache */ = {isa = PBXFileReference; lastKnownFileType = text; path = Tickers.mustache; sourceTree = "<group>"; };
		BB99F2661FDB235500F9982C /* CoinCell.swift */ = {isa = PBXFileReference; lastKnownFileType = sourcecode.swift; name = CoinCell.swift; path = Cells/CoinCell.swift; sourceTree = "<group>"; };
		BB99F26A1FDB2C5500F9982C /* RestAPIManager.swift */ = {isa = PBXFileReference; lastKnownFileType = sourcecode.swift; path = RestAPIManager.swift; sourceTree = "<group>"; };
		BBE42D501FBEC09F009E0BA9 /* DemoMockCase.swift */ = {isa = PBXFileReference; lastKnownFileType = sourcecode.swift; path = DemoMockCase.swift; sourceTree = "<group>"; };
		BBE42D521FBEC24B009E0BA9 /* DynamicPriceDifferenceMockCase.swift */ = {isa = PBXFileReference; lastKnownFileType = sourcecode.swift; path = DynamicPriceDifferenceMockCase.swift; sourceTree = "<group>"; };
		E80679FAD7C742D16289AB45 /* Pods-DIMockServerDemo.release.xcconfig */ = {isa = PBXFileReference; includeInIndex = 1; lastKnownFileType = text.xcconfig; name = "Pods-DIMockServerDemo.release.xcconfig"; path = "Pods/Target Support Files/Pods-DIMockServerDemo/Pods-DIMockServerDemo.release.xcconfig"; sourceTree = "<group>"; };
/* End PBXFileReference section */

/* Begin PBXFrameworksBuildPhase section */
		BB6F8F331FBE0289003B3AD1 /* Frameworks */ = {
			isa = PBXFrameworksBuildPhase;
			buildActionMask = 2147483647;
			files = (
				4C776BADED9955FC385191FA /* Pods_DIMockServerDemo.framework in Frameworks */,
			);
			runOnlyForDeploymentPostprocessing = 0;
		};
		BB6F8F491FBE028A003B3AD1 /* Frameworks */ = {
			isa = PBXFrameworksBuildPhase;
			buildActionMask = 2147483647;
			files = (
			);
			runOnlyForDeploymentPostprocessing = 0;
		};
		BB6F8F541FBE028A003B3AD1 /* Frameworks */ = {
			isa = PBXFrameworksBuildPhase;
			buildActionMask = 2147483647;
			files = (
			);
			runOnlyForDeploymentPostprocessing = 0;
		};
/* End PBXFrameworksBuildPhase section */

/* Begin PBXGroup section */
		AD075FF1D755DDB6262C46DE /* Pods */ = {
			isa = PBXGroup;
			children = (
				219E3D54F63B58F1E104D817 /* Pods-DIMockServerDemo.debug.xcconfig */,
				E80679FAD7C742D16289AB45 /* Pods-DIMockServerDemo.release.xcconfig */,
			);
			name = Pods;
			sourceTree = "<group>";
		};
		BB03B7031FDB1BB300D22AF8 /* Models */ = {
			isa = PBXGroup;
			children = (
				BB03B7041FDB1BD000D22AF8 /* Coin.swift */,
			);
			path = Models;
			sourceTree = "<group>";
		};
		BB6F8F2D1FBE0289003B3AD1 = {
			isa = PBXGroup;
			children = (
				BB6F8F381FBE0289003B3AD1 /* DIMockServerDemo */,
				BB6F8F4F1FBE028A003B3AD1 /* DIMockServerDemoTests */,
				BB6F8F5A1FBE028A003B3AD1 /* DIMockServerDemoUITests */,
				BB6F8F371FBE0289003B3AD1 /* Products */,
				AD075FF1D755DDB6262C46DE /* Pods */,
				E4E3846BFD4142ED281F462E /* Frameworks */,
			);
			sourceTree = "<group>";
		};
		BB6F8F371FBE0289003B3AD1 /* Products */ = {
			isa = PBXGroup;
			children = (
				BB6F8F361FBE0289003B3AD1 /* DIMockServerDemo.app */,
				BB6F8F4C1FBE028A003B3AD1 /* DIMockServerDemoTests.xctest */,
				BB6F8F571FBE028A003B3AD1 /* DIMockServerDemoUITests.xctest */,
			);
			name = Products;
			sourceTree = "<group>";
		};
		BB6F8F381FBE0289003B3AD1 /* DIMockServerDemo */ = {
			isa = PBXGroup;
			children = (
				BB03B7031FDB1BB300D22AF8 /* Models */,
				BB99F2651FDB233C00F9982C /* Views */,
				BB99F2681FDB25EB00F9982C /* Controllers */,
				BB99F2691FDB2C4200F9982C /* Managers */,
				BBE42D4F1FBE2F5E009E0BA9 /* MockCases */,
				BB6F8F391FBE028A003B3AD1 /* AppDelegate.swift */,
				BB872F5D1FDB46E50024C897 /* Constants.swift */,
				BB6F8F3F1FBE028A003B3AD1 /* Main.storyboard */,
				BB6F8F421FBE028A003B3AD1 /* Assets.xcassets */,
				BB6F8F441FBE028A003B3AD1 /* LaunchScreen.storyboard */,
				BB6F8F471FBE028A003B3AD1 /* Info.plist */,
			);
			path = DIMockServerDemo;
			sourceTree = "<group>";
		};
		BB6F8F4F1FBE028A003B3AD1 /* DIMockServerDemoTests */ = {
			isa = PBXGroup;
			children = (
				BB6F8F501FBE028A003B3AD1 /* DIMockServerDemoTests.swift */,
				BB6F8F521FBE028A003B3AD1 /* Info.plist */,
			);
			path = DIMockServerDemoTests;
			sourceTree = "<group>";
		};
		BB6F8F5A1FBE028A003B3AD1 /* DIMockServerDemoUITests */ = {
			isa = PBXGroup;
			children = (
				BB6F8F5B1FBE028A003B3AD1 /* DIMockServerDemoUITests.swift */,
				BB6F8F5D1FBE028A003B3AD1 /* Info.plist */,
			);
			path = DIMockServerDemoUITests;
			sourceTree = "<group>";
		};
		BB9736711FDEAFE200354CD4 /* JSON */ = {
			isa = PBXGroup;
			children = (
				BB9736721FDEB00500354CD4 /* DefaultTickerResponse.json */,
				BB9736741FDEB04A00354CD4 /* DefaultGlobalResponse.json */,
			);
			path = JSON;
			sourceTree = "<group>";
		};
		BB9736751FDEB2B900354CD4 /* Templates */ = {
			isa = PBXGroup;
			children = (
				BB9736761FDEB2F100354CD4 /* Tickers.mustache */,
			);
			path = Templates;
			sourceTree = "<group>";
		};
		BB99F2651FDB233C00F9982C /* Views */ = {
			isa = PBXGroup;
			children = (
				BB99F2661FDB235500F9982C /* CoinCell.swift */,
				BB872F5F1FDB47E60024C897 /* PickerCell.swift */,
			);
			path = Views;
			sourceTree = "<group>";
		};
		BB99F2681FDB25EB00F9982C /* Controllers */ = {
			isa = PBXGroup;
			children = (
				BB6F8F3B1FBE028A003B3AD1 /* CoinsViewController.swift */,
				BB6F8F3D1FBE028A003B3AD1 /* SettingsViewController.swift */,
			);
			path = Controllers;
			sourceTree = "<group>";
		};
		BB99F2691FDB2C4200F9982C /* Managers */ = {
			isa = PBXGroup;
			children = (
				BB99F26A1FDB2C5500F9982C /* RestAPIManager.swift */,
			);
			path = Managers;
			sourceTree = "<group>";
		};
		BBE42D4F1FBE2F5E009E0BA9 /* MockCases */ = {
			isa = PBXGroup;
			children = (
				BB9736751FDEB2B900354CD4 /* Templates */,
				BB9736711FDEAFE200354CD4 /* JSON */,
				BBE42D501FBEC09F009E0BA9 /* DemoMockCase.swift */,
				BBE42D521FBEC24B009E0BA9 /* DynamicPriceDifferenceMockCase.swift */,
			);
			path = MockCases;
			sourceTree = "<group>";
		};
		E4E3846BFD4142ED281F462E /* Frameworks */ = {
			isa = PBXGroup;
			children = (
				16FB6E0F17A4BF3F79511B60 /* Pods_DIMockServerDemo.framework */,
			);
			name = Frameworks;
			sourceTree = "<group>";
		};
/* End PBXGroup section */

/* Begin PBXNativeTarget section */
		BB6F8F351FBE0289003B3AD1 /* DIMockServerDemo */ = {
			isa = PBXNativeTarget;
			buildConfigurationList = BB6F8F601FBE028A003B3AD1 /* Build configuration list for PBXNativeTarget "DIMockServerDemo" */;
			buildPhases = (
				8C4C76562121EA7A83E1DFA2 /* [CP] Check Pods Manifest.lock */,
				BB6F8F321FBE0289003B3AD1 /* Sources */,
				BB6F8F331FBE0289003B3AD1 /* Frameworks */,
				BB6F8F341FBE0289003B3AD1 /* Resources */,
				572F41FFF062AC58E747F4A1 /* [CP] Embed Pods Frameworks */,
				E0DC03566881762B416D7075 /* [CP] Copy Pods Resources */,
			);
			buildRules = (
			);
			dependencies = (
			);
			name = DIMockServerDemo;
			productName = DIMockServerDemo;
			productReference = BB6F8F361FBE0289003B3AD1 /* DIMockServerDemo.app */;
			productType = "com.apple.product-type.application";
		};
		BB6F8F4B1FBE028A003B3AD1 /* DIMockServerDemoTests */ = {
			isa = PBXNativeTarget;
			buildConfigurationList = BB6F8F631FBE028A003B3AD1 /* Build configuration list for PBXNativeTarget "DIMockServerDemoTests" */;
			buildPhases = (
				BB6F8F481FBE028A003B3AD1 /* Sources */,
				BB6F8F491FBE028A003B3AD1 /* Frameworks */,
				BB6F8F4A1FBE028A003B3AD1 /* Resources */,
			);
			buildRules = (
			);
			dependencies = (
				BB6F8F4E1FBE028A003B3AD1 /* PBXTargetDependency */,
			);
			name = DIMockServerDemoTests;
			productName = DIMockServerDemoTests;
			productReference = BB6F8F4C1FBE028A003B3AD1 /* DIMockServerDemoTests.xctest */;
			productType = "com.apple.product-type.bundle.unit-test";
		};
		BB6F8F561FBE028A003B3AD1 /* DIMockServerDemoUITests */ = {
			isa = PBXNativeTarget;
			buildConfigurationList = BB6F8F661FBE028A003B3AD1 /* Build configuration list for PBXNativeTarget "DIMockServerDemoUITests" */;
			buildPhases = (
				BB6F8F531FBE028A003B3AD1 /* Sources */,
				BB6F8F541FBE028A003B3AD1 /* Frameworks */,
				BB6F8F551FBE028A003B3AD1 /* Resources */,
			);
			buildRules = (
			);
			dependencies = (
				BB6F8F591FBE028A003B3AD1 /* PBXTargetDependency */,
			);
			name = DIMockServerDemoUITests;
			productName = DIMockServerDemoUITests;
			productReference = BB6F8F571FBE028A003B3AD1 /* DIMockServerDemoUITests.xctest */;
			productType = "com.apple.product-type.bundle.ui-testing";
		};
/* End PBXNativeTarget section */

/* Begin PBXProject section */
		BB6F8F2E1FBE0289003B3AD1 /* Project object */ = {
			isa = PBXProject;
			attributes = {
				LastSwiftUpdateCheck = 0910;
				LastUpgradeCheck = 0910;
				ORGANIZATIONNAME = DigitalIndiana;
				TargetAttributes = {
					BB6F8F351FBE0289003B3AD1 = {
						CreatedOnToolsVersion = 9.1;
						ProvisioningStyle = Automatic;
					};
					BB6F8F4B1FBE028A003B3AD1 = {
						CreatedOnToolsVersion = 9.1;
						ProvisioningStyle = Automatic;
						TestTargetID = BB6F8F351FBE0289003B3AD1;
					};
					BB6F8F561FBE028A003B3AD1 = {
						CreatedOnToolsVersion = 9.1;
						ProvisioningStyle = Automatic;
						TestTargetID = BB6F8F351FBE0289003B3AD1;
					};
				};
			};
			buildConfigurationList = BB6F8F311FBE0289003B3AD1 /* Build configuration list for PBXProject "DIMockServerDemo" */;
			compatibilityVersion = "Xcode 8.0";
			developmentRegion = en;
			hasScannedForEncodings = 0;
			knownRegions = (
				en,
				Base,
			);
			mainGroup = BB6F8F2D1FBE0289003B3AD1;
			productRefGroup = BB6F8F371FBE0289003B3AD1 /* Products */;
			projectDirPath = "";
			projectRoot = "";
			targets = (
				BB6F8F351FBE0289003B3AD1 /* DIMockServerDemo */,
				BB6F8F4B1FBE028A003B3AD1 /* DIMockServerDemoTests */,
				BB6F8F561FBE028A003B3AD1 /* DIMockServerDemoUITests */,
			);
		};
/* End PBXProject section */

/* Begin PBXResourcesBuildPhase section */
		BB6F8F341FBE0289003B3AD1 /* Resources */ = {
			isa = PBXResourcesBuildPhase;
			buildActionMask = 2147483647;
			files = (
				BB9736731FDEB00500354CD4 /* DefaultTickerResponse.json in Resources */,
				BB6F8F461FBE028A003B3AD1 /* LaunchScreen.storyboard in Resources */,
				BB6F8F431FBE028A003B3AD1 /* Assets.xcassets in Resources */,
				BB9736771FDEB2F100354CD4 /* Tickers.mustache in Resources */,
				BB6F8F411FBE028A003B3AD1 /* Main.storyboard in Resources */,
			);
			runOnlyForDeploymentPostprocessing = 0;
		};
		BB6F8F4A1FBE028A003B3AD1 /* Resources */ = {
			isa = PBXResourcesBuildPhase;
			buildActionMask = 2147483647;
			files = (
			);
			runOnlyForDeploymentPostprocessing = 0;
		};
		BB6F8F551FBE028A003B3AD1 /* Resources */ = {
			isa = PBXResourcesBuildPhase;
			buildActionMask = 2147483647;
			files = (
			);
			runOnlyForDeploymentPostprocessing = 0;
		};
/* End PBXResourcesBuildPhase section */

/* Begin PBXShellScriptBuildPhase section */
		572F41FFF062AC58E747F4A1 /* [CP] Embed Pods Frameworks */ = {
			isa = PBXShellScriptBuildPhase;
			buildActionMask = 2147483647;
			files = (
			);
			inputPaths = (
				"${SRCROOT}/Pods/Target Support Files/Pods-DIMockServerDemo/Pods-DIMockServerDemo-frameworks.sh",
				"${BUILT_PRODUCTS_DIR}/DIMockServer/DIMockServer.framework",
				"${BUILT_PRODUCTS_DIR}/GRMustache.swift/Mustache.framework",
				"${BUILT_PRODUCTS_DIR}/QorumLogs/QorumLogs.framework",
				"${BUILT_PRODUCTS_DIR}/Swifter/Swifter.framework",
				"${BUILT_PRODUCTS_DIR}/SwiftyJSON/SwiftyJSON.framework",
			);
			name = "[CP] Embed Pods Frameworks";
			outputPaths = (
				"${TARGET_BUILD_DIR}/${FRAMEWORKS_FOLDER_PATH}/DIMockServer.framework",
				"${TARGET_BUILD_DIR}/${FRAMEWORKS_FOLDER_PATH}/Mustache.framework",
				"${TARGET_BUILD_DIR}/${FRAMEWORKS_FOLDER_PATH}/QorumLogs.framework",
				"${TARGET_BUILD_DIR}/${FRAMEWORKS_FOLDER_PATH}/Swifter.framework",
				"${TARGET_BUILD_DIR}/${FRAMEWORKS_FOLDER_PATH}/SwiftyJSON.framework",
			);
			runOnlyForDeploymentPostprocessing = 0;
			shellPath = /bin/sh;
			shellScript = "\"${SRCROOT}/Pods/Target Support Files/Pods-DIMockServerDemo/Pods-DIMockServerDemo-frameworks.sh\"\n";
			showEnvVarsInLog = 0;
		};
		8C4C76562121EA7A83E1DFA2 /* [CP] Check Pods Manifest.lock */ = {
			isa = PBXShellScriptBuildPhase;
			buildActionMask = 2147483647;
			files = (
			);
			inputPaths = (
				"${PODS_PODFILE_DIR_PATH}/Podfile.lock",
				"${PODS_ROOT}/Manifest.lock",
			);
			name = "[CP] Check Pods Manifest.lock";
			outputPaths = (
				"$(DERIVED_FILE_DIR)/Pods-DIMockServerDemo-checkManifestLockResult.txt",
			);
			runOnlyForDeploymentPostprocessing = 0;
			shellPath = /bin/sh;
			shellScript = "diff \"${PODS_PODFILE_DIR_PATH}/Podfile.lock\" \"${PODS_ROOT}/Manifest.lock\" > /dev/null\nif [ $? != 0 ] ; then\n    # print error to STDERR\n    echo \"error: The sandbox is not in sync with the Podfile.lock. Run 'pod install' or update your CocoaPods installation.\" >&2\n    exit 1\nfi\n# This output is used by Xcode 'outputs' to avoid re-running this script phase.\necho \"SUCCESS\" > \"${SCRIPT_OUTPUT_FILE_0}\"\n";
			showEnvVarsInLog = 0;
		};
		E0DC03566881762B416D7075 /* [CP] Copy Pods Resources */ = {
			isa = PBXShellScriptBuildPhase;
			buildActionMask = 2147483647;
			files = (
			);
			inputPaths = (
			);
			name = "[CP] Copy Pods Resources";
			outputPaths = (
			);
			runOnlyForDeploymentPostprocessing = 0;
			shellPath = /bin/sh;
			shellScript = "\"${SRCROOT}/Pods/Target Support Files/Pods-DIMockServerDemo/Pods-DIMockServerDemo-resources.sh\"\n";
			showEnvVarsInLog = 0;
		};
/* End PBXShellScriptBuildPhase section */

/* Begin PBXSourcesBuildPhase section */
		BB6F8F321FBE0289003B3AD1 /* Sources */ = {
			isa = PBXSourcesBuildPhase;
			buildActionMask = 2147483647;
			files = (
				BB03B7051FDB1BD000D22AF8 /* Coin.swift in Sources */,
				BBE42D531FBEC24B009E0BA9 /* DynamicPriceDifferenceMockCase.swift in Sources */,
				BB99F26B1FDB2C5500F9982C /* RestAPIManager.swift in Sources */,
				BBE42D511FBEC09F009E0BA9 /* DemoMockCase.swift in Sources */,
				BB6F8F3E1FBE028A003B3AD1 /* SettingsViewController.swift in Sources */,
				BB6F8F3A1FBE028A003B3AD1 /* AppDelegate.swift in Sources */,
				BB6F8F3C1FBE028A003B3AD1 /* CoinsViewController.swift in Sources */,
				BB99F2671FDB235500F9982C /* CoinCell.swift in Sources */,
				BB872F5E1FDB46E60024C897 /* Constants.swift in Sources */,
				BB872F601FDB47E60024C897 /* PickerCell.swift in Sources */,
			);
			runOnlyForDeploymentPostprocessing = 0;
		};
		BB6F8F481FBE028A003B3AD1 /* Sources */ = {
			isa = PBXSourcesBuildPhase;
			buildActionMask = 2147483647;
			files = (
				BB6F8F511FBE028A003B3AD1 /* DIMockServerDemoTests.swift in Sources */,
			);
			runOnlyForDeploymentPostprocessing = 0;
		};
		BB6F8F531FBE028A003B3AD1 /* Sources */ = {
			isa = PBXSourcesBuildPhase;
			buildActionMask = 2147483647;
			files = (
				BB6F8F5C1FBE028A003B3AD1 /* DIMockServerDemoUITests.swift in Sources */,
			);
			runOnlyForDeploymentPostprocessing = 0;
		};
/* End PBXSourcesBuildPhase section */

/* Begin PBXTargetDependency section */
		BB6F8F4E1FBE028A003B3AD1 /* PBXTargetDependency */ = {
			isa = PBXTargetDependency;
			target = BB6F8F351FBE0289003B3AD1 /* DIMockServerDemo */;
			targetProxy = BB6F8F4D1FBE028A003B3AD1 /* PBXContainerItemProxy */;
		};
		BB6F8F591FBE028A003B3AD1 /* PBXTargetDependency */ = {
			isa = PBXTargetDependency;
			target = BB6F8F351FBE0289003B3AD1 /* DIMockServerDemo */;
			targetProxy = BB6F8F581FBE028A003B3AD1 /* PBXContainerItemProxy */;
		};
/* End PBXTargetDependency section */

/* Begin PBXVariantGroup section */
		BB6F8F3F1FBE028A003B3AD1 /* Main.storyboard */ = {
			isa = PBXVariantGroup;
			children = (
				BB6F8F401FBE028A003B3AD1 /* Base */,
			);
			name = Main.storyboard;
			sourceTree = "<group>";
		};
		BB6F8F441FBE028A003B3AD1 /* LaunchScreen.storyboard */ = {
			isa = PBXVariantGroup;
			children = (
				BB6F8F451FBE028A003B3AD1 /* Base */,
			);
			name = LaunchScreen.storyboard;
			sourceTree = "<group>";
		};
/* End PBXVariantGroup section */

/* Begin XCBuildConfiguration section */
		BB6F8F5E1FBE028A003B3AD1 /* Debug */ = {
			isa = XCBuildConfiguration;
			buildSettings = {
				ALWAYS_SEARCH_USER_PATHS = NO;
				CLANG_ANALYZER_NONNULL = YES;
				CLANG_ANALYZER_NUMBER_OBJECT_CONVERSION = YES_AGGRESSIVE;
				CLANG_CXX_LANGUAGE_STANDARD = "gnu++14";
				CLANG_CXX_LIBRARY = "libc++";
				CLANG_ENABLE_MODULES = YES;
				CLANG_ENABLE_OBJC_ARC = YES;
				CLANG_WARN_BLOCK_CAPTURE_AUTORELEASING = YES;
				CLANG_WARN_BOOL_CONVERSION = YES;
				CLANG_WARN_COMMA = YES;
				CLANG_WARN_CONSTANT_CONVERSION = YES;
				CLANG_WARN_DIRECT_OBJC_ISA_USAGE = YES_ERROR;
				CLANG_WARN_DOCUMENTATION_COMMENTS = YES;
				CLANG_WARN_EMPTY_BODY = YES;
				CLANG_WARN_ENUM_CONVERSION = YES;
				CLANG_WARN_INFINITE_RECURSION = YES;
				CLANG_WARN_INT_CONVERSION = YES;
				CLANG_WARN_NON_LITERAL_NULL_CONVERSION = YES;
				CLANG_WARN_OBJC_LITERAL_CONVERSION = YES;
				CLANG_WARN_OBJC_ROOT_CLASS = YES_ERROR;
				CLANG_WARN_RANGE_LOOP_ANALYSIS = YES;
				CLANG_WARN_STRICT_PROTOTYPES = YES;
				CLANG_WARN_SUSPICIOUS_MOVE = YES;
				CLANG_WARN_UNGUARDED_AVAILABILITY = YES_AGGRESSIVE;
				CLANG_WARN_UNREACHABLE_CODE = YES;
				CLANG_WARN__DUPLICATE_METHOD_MATCH = YES;
				CODE_SIGN_IDENTITY = "iPhone Developer";
				COPY_PHASE_STRIP = NO;
				DEBUG_INFORMATION_FORMAT = dwarf;
				ENABLE_STRICT_OBJC_MSGSEND = YES;
				ENABLE_TESTABILITY = YES;
				GCC_C_LANGUAGE_STANDARD = gnu11;
				GCC_DYNAMIC_NO_PIC = NO;
				GCC_NO_COMMON_BLOCKS = YES;
				GCC_OPTIMIZATION_LEVEL = 0;
				GCC_PREPROCESSOR_DEFINITIONS = (
					"DEBUG=1",
					"$(inherited)",
				);
				GCC_WARN_64_TO_32_BIT_CONVERSION = YES;
				GCC_WARN_ABOUT_RETURN_TYPE = YES_ERROR;
				GCC_WARN_UNDECLARED_SELECTOR = YES;
				GCC_WARN_UNINITIALIZED_AUTOS = YES_AGGRESSIVE;
				GCC_WARN_UNUSED_FUNCTION = YES;
				GCC_WARN_UNUSED_VARIABLE = YES;
				IPHONEOS_DEPLOYMENT_TARGET = 11.1;
				MTL_ENABLE_DEBUG_INFO = YES;
				ONLY_ACTIVE_ARCH = YES;
				SDKROOT = iphoneos;
				SWIFT_ACTIVE_COMPILATION_CONDITIONS = DEBUG;
				SWIFT_OPTIMIZATION_LEVEL = "-Onone";
				SWIFT_VERSION = 3.0;
			};
			name = Debug;
		};
		BB6F8F5F1FBE028A003B3AD1 /* Release */ = {
			isa = XCBuildConfiguration;
			buildSettings = {
				ALWAYS_SEARCH_USER_PATHS = NO;
				CLANG_ANALYZER_NONNULL = YES;
				CLANG_ANALYZER_NUMBER_OBJECT_CONVERSION = YES_AGGRESSIVE;
				CLANG_CXX_LANGUAGE_STANDARD = "gnu++14";
				CLANG_CXX_LIBRARY = "libc++";
				CLANG_ENABLE_MODULES = YES;
				CLANG_ENABLE_OBJC_ARC = YES;
				CLANG_WARN_BLOCK_CAPTURE_AUTORELEASING = YES;
				CLANG_WARN_BOOL_CONVERSION = YES;
				CLANG_WARN_COMMA = YES;
				CLANG_WARN_CONSTANT_CONVERSION = YES;
				CLANG_WARN_DIRECT_OBJC_ISA_USAGE = YES_ERROR;
				CLANG_WARN_DOCUMENTATION_COMMENTS = YES;
				CLANG_WARN_EMPTY_BODY = YES;
				CLANG_WARN_ENUM_CONVERSION = YES;
				CLANG_WARN_INFINITE_RECURSION = YES;
				CLANG_WARN_INT_CONVERSION = YES;
				CLANG_WARN_NON_LITERAL_NULL_CONVERSION = YES;
				CLANG_WARN_OBJC_LITERAL_CONVERSION = YES;
				CLANG_WARN_OBJC_ROOT_CLASS = YES_ERROR;
				CLANG_WARN_RANGE_LOOP_ANALYSIS = YES;
				CLANG_WARN_STRICT_PROTOTYPES = YES;
				CLANG_WARN_SUSPICIOUS_MOVE = YES;
				CLANG_WARN_UNGUARDED_AVAILABILITY = YES_AGGRESSIVE;
				CLANG_WARN_UNREACHABLE_CODE = YES;
				CLANG_WARN__DUPLICATE_METHOD_MATCH = YES;
				CODE_SIGN_IDENTITY = "iPhone Developer";
				COPY_PHASE_STRIP = NO;
				DEBUG_INFORMATION_FORMAT = "dwarf-with-dsym";
				ENABLE_NS_ASSERTIONS = NO;
				ENABLE_STRICT_OBJC_MSGSEND = YES;
				GCC_C_LANGUAGE_STANDARD = gnu11;
				GCC_NO_COMMON_BLOCKS = YES;
				GCC_WARN_64_TO_32_BIT_CONVERSION = YES;
				GCC_WARN_ABOUT_RETURN_TYPE = YES_ERROR;
				GCC_WARN_UNDECLARED_SELECTOR = YES;
				GCC_WARN_UNINITIALIZED_AUTOS = YES_AGGRESSIVE;
				GCC_WARN_UNUSED_FUNCTION = YES;
				GCC_WARN_UNUSED_VARIABLE = YES;
				IPHONEOS_DEPLOYMENT_TARGET = 11.1;
				MTL_ENABLE_DEBUG_INFO = NO;
				SDKROOT = iphoneos;
				SWIFT_OPTIMIZATION_LEVEL = "-Owholemodule";
				SWIFT_VERSION = 3.0;
				VALIDATE_PRODUCT = YES;
			};
			name = Release;
		};
		BB6F8F611FBE028A003B3AD1 /* Debug */ = {
			isa = XCBuildConfiguration;
			baseConfigurationReference = 219E3D54F63B58F1E104D817 /* Pods-DIMockServerDemo.debug.xcconfig */;
			buildSettings = {
				ASSETCATALOG_COMPILER_APPICON_NAME = AppIcon;
				CODE_SIGN_STYLE = Automatic;
				INFOPLIST_FILE = DIMockServerDemo/Info.plist;
				IPHONEOS_DEPLOYMENT_TARGET = 10.0;
				LD_RUNPATH_SEARCH_PATHS = "$(inherited) @executable_path/Frameworks";
				OTHER_SWIFT_FLAGS = "$(inherited) \"-D\" \"COCOAPODS\" \"-D\" \"DEBUG\"";
				PRODUCT_BUNDLE_IDENTIFIER = com.digitalindiana.dimockserverdemo;
				PRODUCT_NAME = "$(TARGET_NAME)";
				SWIFT_VERSION = 3.0;
				TARGETED_DEVICE_FAMILY = "1,2";
			};
			name = Debug;
		};
		BB6F8F621FBE028A003B3AD1 /* Release */ = {
			isa = XCBuildConfiguration;
			baseConfigurationReference = E80679FAD7C742D16289AB45 /* Pods-DIMockServerDemo.release.xcconfig */;
			buildSettings = {
				ASSETCATALOG_COMPILER_APPICON_NAME = AppIcon;
				CODE_SIGN_STYLE = Automatic;
				INFOPLIST_FILE = DIMockServerDemo/Info.plist;
				IPHONEOS_DEPLOYMENT_TARGET = 10.0;
				LD_RUNPATH_SEARCH_PATHS = "$(inherited) @executable_path/Frameworks";
				PRODUCT_BUNDLE_IDENTIFIER = com.digitalindiana.dimockserverdemo;
				PRODUCT_NAME = "$(TARGET_NAME)";
				SWIFT_VERSION = 3.0;
				TARGETED_DEVICE_FAMILY = "1,2";
			};
			name = Release;
		};
		BB6F8F641FBE028A003B3AD1 /* Debug */ = {
			isa = XCBuildConfiguration;
			buildSettings = {
				ALWAYS_EMBED_SWIFT_STANDARD_LIBRARIES = YES;
				BUNDLE_LOADER = "$(TEST_HOST)";
				CODE_SIGN_STYLE = Automatic;
				INFOPLIST_FILE = DIMockServerDemoTests/Info.plist;
				LD_RUNPATH_SEARCH_PATHS = "$(inherited) @executable_path/Frameworks @loader_path/Frameworks";
				PRODUCT_BUNDLE_IDENTIFIER = com.digitalindiana.mockserver.DIMockServerDemoTests;
				PRODUCT_NAME = "$(TARGET_NAME)";
				SWIFT_VERSION = 3.0;
				TARGETED_DEVICE_FAMILY = "1,2";
				TEST_HOST = "$(BUILT_PRODUCTS_DIR)/DIMockServerDemo.app/DIMockServerDemo";
			};
			name = Debug;
		};
		BB6F8F651FBE028A003B3AD1 /* Release */ = {
			isa = XCBuildConfiguration;
			buildSettings = {
				ALWAYS_EMBED_SWIFT_STANDARD_LIBRARIES = YES;
				BUNDLE_LOADER = "$(TEST_HOST)";
				CODE_SIGN_STYLE = Automatic;
				INFOPLIST_FILE = DIMockServerDemoTests/Info.plist;
				LD_RUNPATH_SEARCH_PATHS = "$(inherited) @executable_path/Frameworks @loader_path/Frameworks";
				PRODUCT_BUNDLE_IDENTIFIER = com.digitalindiana.mockserver.DIMockServerDemoTests;
				PRODUCT_NAME = "$(TARGET_NAME)";
				SWIFT_VERSION = 3.0;
				TARGETED_DEVICE_FAMILY = "1,2";
				TEST_HOST = "$(BUILT_PRODUCTS_DIR)/DIMockServerDemo.app/DIMockServerDemo";
			};
			name = Release;
		};
		BB6F8F671FBE028A003B3AD1 /* Debug */ = {
			isa = XCBuildConfiguration;
			buildSettings = {
				ALWAYS_EMBED_SWIFT_STANDARD_LIBRARIES = YES;
				CODE_SIGN_STYLE = Automatic;
				INFOPLIST_FILE = DIMockServerDemoUITests/Info.plist;
				LD_RUNPATH_SEARCH_PATHS = "$(inherited) @executable_path/Frameworks @loader_path/Frameworks";
				PRODUCT_BUNDLE_IDENTIFIER = com.digitalindiana.mockserver.DIMockServerDemoUITests;
				PRODUCT_NAME = "$(TARGET_NAME)";
				SWIFT_VERSION = 3.0;
				TARGETED_DEVICE_FAMILY = "1,2";
				TEST_TARGET_NAME = DIMockServerDemo;
			};
			name = Debug;
		};
		BB6F8F681FBE028A003B3AD1 /* Release */ = {
			isa = XCBuildConfiguration;
			buildSettings = {
				ALWAYS_EMBED_SWIFT_STANDARD_LIBRARIES = YES;
				CODE_SIGN_STYLE = Automatic;
				INFOPLIST_FILE = DIMockServerDemoUITests/Info.plist;
				LD_RUNPATH_SEARCH_PATHS = "$(inherited) @executable_path/Frameworks @loader_path/Frameworks";
				PRODUCT_BUNDLE_IDENTIFIER = com.digitalindiana.mockserver.DIMockServerDemoUITests;
				PRODUCT_NAME = "$(TARGET_NAME)";
				SWIFT_VERSION = 3.0;
				TARGETED_DEVICE_FAMILY = "1,2";
				TEST_TARGET_NAME = DIMockServerDemo;
			};
			name = Release;
		};
/* End XCBuildConfiguration section */

/* Begin XCConfigurationList section */
		BB6F8F311FBE0289003B3AD1 /* Build configuration list for PBXProject "DIMockServerDemo" */ = {
			isa = XCConfigurationList;
			buildConfigurations = (
				BB6F8F5E1FBE028A003B3AD1 /* Debug */,
				BB6F8F5F1FBE028A003B3AD1 /* Release */,
			);
			defaultConfigurationIsVisible = 0;
			defaultConfigurationName = Release;
		};
		BB6F8F601FBE028A003B3AD1 /* Build configuration list for PBXNativeTarget "DIMockServerDemo" */ = {
			isa = XCConfigurationList;
			buildConfigurations = (
				BB6F8F611FBE028A003B3AD1 /* Debug */,
				BB6F8F621FBE028A003B3AD1 /* Release */,
			);
			defaultConfigurationIsVisible = 0;
			defaultConfigurationName = Release;
		};
		BB6F8F631FBE028A003B3AD1 /* Build configuration list for PBXNativeTarget "DIMockServerDemoTests" */ = {
			isa = XCConfigurationList;
			buildConfigurations = (
				BB6F8F641FBE028A003B3AD1 /* Debug */,
				BB6F8F651FBE028A003B3AD1 /* Release */,
			);
			defaultConfigurationIsVisible = 0;
			defaultConfigurationName = Release;
		};
		BB6F8F661FBE028A003B3AD1 /* Build configuration list for PBXNativeTarget "DIMockServerDemoUITests" */ = {
			isa = XCConfigurationList;
			buildConfigurations = (
				BB6F8F671FBE028A003B3AD1 /* Debug */,
				BB6F8F681FBE028A003B3AD1 /* Release */,
			);
			defaultConfigurationIsVisible = 0;
			defaultConfigurationName = Release;
		};
/* End XCConfigurationList section */
	};
	rootObject = BB6F8F2E1FBE0289003B3AD1 /* Project object */;
}
